# Fully resolved constraints for HABIT default and explicit optional profiles.
# Entries here constrain dependencies but do not install packages by themselves.
annotated-types==0.7.0
antspyx==0.4.2
autogluon-common==1.5.0
autogluon-core==1.5.0
autogluon-features==1.5.0
autogluon-tabular==1.5.0
autograd==1.8.0
autograd-gamma==0.5.0
boto3==1.43.24
botocore==1.43.24
catboost==1.2.10
category-encoders==2.8.1
certifi==2026.5.20
charset-normalizer==3.4.7
chart-studio==1.1.0
click==8.4.1
cloudpickle==3.1.2
colorama==0.4.6
contourpy==1.3.2
cycler==0.12.1
docopt==0.6.2
et-xmlfile==2.0.0
filelock==3.29.1
fonttools==4.63.0
formulaic==1.2.2
fsspec==2025.3.0
graphviz==0.21
idna==3.18
imageio==2.37.3
imbalanced-learn==0.14.2
importlib-resources==7.1.0
interface-meta==2.0.1
jinja2==3.1.6
jmespath==1.1.0
joblib==1.5.3
kiwisolver==1.5.0
kneed==0.8.6
krippendorff==0.8.2
lazy-loader==0.5
lifelines==0.30.0
lightgbm==4.6.0
llvmlite==0.47.0
markupsafe==3.0.3
matplotlib==3.10.9
mpmath==1.3.0
mrmr-selection==0.2.8
narwhals==2.22.1
networkx==3.4.2
nibabel==5.4.2
numba==0.65.1
numpy==1.26.1
openpyxl==3.1.5
packaging==26.0
pandas==2.3.3
pandas-flavor==0.8.1
patsy==1.0.2
pillow==11.3.0
pingouin==0.6.1
plotly==6.8.0
polars==1.41.2
polars-runtime-32==1.41.2
psutil==7.1.3
pyarrow==20.0.0
pydantic==2.13.4
pydantic-core==2.46.4
pydicom==3.0.2
pykwalify==1.8.0
pyparsing==3.3.2
pyradiomics==3.0.1
python-dateutil==2.9.0.post0
pytz==2026.2
pywavelets==1.8.0
pyyaml==6.0.3
requests==2.34.2
retrying==1.4.2
ruamel-yaml==0.19.1
s3transfer==0.18.0
scikit-image==0.25.2
scikit-learn==1.7.2
scipy==1.15.3
seaborn==0.13.2
shap==0.49.1
simpleitk==2.2.1
six==1.17.0
sklearn-compat==0.1.6
slicer==0.0.8
statsmodels==0.14.6
sympy==1.14.0
tabulate==0.10.0
threadpoolctl==3.6.0
tifffile==2025.5.10
tqdm==4.68.1
typing-extensions==4.15.0
typing-inspection==0.4.2
tzdata==2026.2
urllib3==2.7.0
webcolors==25.10.0
wrapt==2.2.1
xarray==2025.6.1
xgboost==3.1.3
